
Microsoft Visual Studio Solution File, Format Version 12.00
# Visual Studio Version 17
VisualStudioVersion = 17.0.32014.148
MinimumVisualStudioVersion = 10.0.40219.1
Project("{FAE04EC0-301F-11D3-BF4B-00C04F79EFBC}") = "FromMinuteToDayCalculate", "FromMinuteToDayCalculate\FromMinuteToDayCalculate.csproj", "{59BC75FA-AEF7-4862-ACE5-74835811DFF3}"
EndProject
Project("{FAE04EC0-301F-11D3-BF4B-00C04F79EFBC}") = "SumTheDigitsInt", "SumTheDigitsInt\SumTheDigitsInt.csproj", "{7CF35E5A-FF81-4493-AB35-4E3A84EC1581}"
EndProject
Project("{FAE04EC0-301F-11D3-BF4B-00C04F79EFBC}") = "VolumeOfCyclinder", "VolumeOfCyclinder\VolumeOfCyclinder.csproj", "{712360B0-0D14-4467-AE82-DB914030B9AC}"
EndProject
Project("{FAE04EC0-301F-11D3-BF4B-00C04F79EFBC}") = "Exercise1", "..\Exercise1\Exercise1\Exercise1.csproj", "{FFE22D49-7BD6-46D0-9FF7-DF6F860FC981}"
EndProject
Project("{FAE04EC0-301F-11D3-BF4B-00C04F79EFBC}") = "Ch_1_Homework_2_9", "Ch_1_Homework_2-9\Ch_1_Homework_2_9.csproj", "{183377F4-DE5B-4713-8348-DB47A28991FB}"
EndProject
Project("{FAE04EC0-301F-11D3-BF4B-00C04F79EFBC}") = "CalculatingEnergy_Homework_2-10", "CalculatingEnergy_Homework_2-10\CalculatingEnergy_Homework_2-10.csproj", "{1B1D99EA-3810-41FC-ADDA-80823663A866}"
EndProject
Project("{FAE04EC0-301F-11D3-BF4B-00C04F79EFBC}") = "Homework_2_11_PopulationProjection", "PopulationProjection_Homework_2-11\Homework_2_11_PopulationProjection.csproj", "{EEA4A057-34A4-4C7E-8557-F20323438733}"
EndProject
Project("{FAE04EC0-301F-11D3-BF4B-00C04F79EFBC}") = "findingRunwayLength_Homework_2-12", "findingRunwayLength_Homework_2-12\findingRunwayLength_Homework_2-12.csproj", "{65B0BF26-9D4F-494C-8052-B42F08A12969}"
EndProject
Project("{FAE04EC0-301F-11D3-BF4B-00C04F79EFBC}") = "Homework_2_13_FinancalApplication", "FinancalApplication_Homework_2-13\Homework_2_13_FinancalApplication.csproj", "{BAE0DB14-E764-482D-9B6E-BFA970F39E91}"
EndProject
Project("{FAE04EC0-301F-11D3-BF4B-00C04F79EFBC}") = "Ch_3_Homework_1", "Ch_3_Homework1\Ch_3_Homework_1.csproj", "{4F3B1289-7B1F-44D2-A974-C433B24CFF0B}"
EndProject
Project("{FAE04EC0-301F-11D3-BF4B-00C04F79EFBC}") = "Ch_3_Homework_2", "Ch_3_Homework2\Ch_3_Homework_2.csproj", "{CFED53F7-BB3E-4B19-B7D0-7C93B905F4AF}"
EndProject
Project("{FAE04EC0-301F-11D3-BF4B-00C04F79EFBC}") = "Ch_3_HomeworkFindBiggestNumber", "Ch_3_HomeworkFindBiggestNumber\Ch_3_HomeworkFindBiggestNumber.csproj", "{C631FE15-A4A6-43DE-83CD-22CBCDA3A256}"
EndProject
Project("{FAE04EC0-301F-11D3-BF4B-00C04F79EFBC}") = "Ch_3_Homework_3_DescendingOrder", "Ch_3_Homework_3_DescendingOrder\Ch_3_Homework_3_DescendingOrder.csproj", "{E9211EE3-3F46-46F7-B44C-87F6DF3B5062}"
EndProject
Project("{FAE04EC0-301F-11D3-BF4B-00C04F79EFBC}") = "Ch_3_Homework_4_ShowTheDigitsAsAWord", "Ch_3_Homework_4_ShowTheDigitsAsAWord\Ch_3_Homework_4_ShowTheDigitsAsAWord.csproj", "{8BBAAEA9-7487-44FC-9BCC-3369CA5F9F17}"
EndProject
Project("{FAE04EC0-301F-11D3-BF4B-00C04F79EFBC}") = "Ch_3_ExerciseMerve1", "Ch_3_ExerciseMerve1\Ch_3_ExerciseMerve1.csproj", "{5E36DC0A-B592-4FF9-AF5C-B868A2FC0CC6}"
EndProject
Project("{FAE04EC0-301F-11D3-BF4B-00C04F79EFBC}") = "Ch_3_HomeworkShowTheDigitAsAWordSwitch", "Ch_3_HomeworkShowTheDigitAsAWordSwitch\Ch_3_HomeworkShowTheDigitAsAWordSwitch.csproj", "{02D184EE-00D6-4182-939F-45AC311B12BC}"
EndProject
Project("{FAE04EC0-301F-11D3-BF4B-00C04F79EFBC}") = "Ch_3_HomeworkMenuSwitch", "Ch_3_HomeworkMenuSwitch\Ch_3_HomeworkMenuSwitch.csproj", "{109AE130-8451-4199-A30F-71FA3C77ED59}"
EndProject
Project("{FAE04EC0-301F-11D3-BF4B-00C04F79EFBC}") = "Ch_3_Homework_Mail_8", "Ch_3_Homework_Mail_8\Ch_3_Homework_Mail_8.csproj", "{D73F52C5-09E5-42D3-B926-B8DB179401F6}"
EndProject
Project("{FAE04EC0-301F-11D3-BF4B-00C04F79EFBC}") = "Ch_3_HomeworkMail_10", "Ch_3_HomeworkMail_10\Ch_3_HomeworkMail_10.csproj", "{80ADF7B0-720D-4112-94FA-DAAA758A41D7}"
EndProject
Project("{FAE04EC0-301F-11D3-BF4B-00C04F79EFBC}") = "Ch_3_HomeworkMail_11", "Ch_3_HomeworkMail_11\Ch_3_HomeworkMail_11.csproj", "{265B38D6-7E52-4A80-821C-42AEBA7B921E}"
EndProject
Project("{FAE04EC0-301F-11D3-BF4B-00C04F79EFBC}") = "whileLoopExercise_1", "whileLoopExercise1\whileLoopExercise_1.csproj", "{586EFCA7-99B0-488F-84E1-17292897CEE2}"
EndProject
Project("{FAE04EC0-301F-11D3-BF4B-00C04F79EFBC}") = "whileLoopsExercise_2", "whileLoopsExercise2\whileLoopsExercise_2.csproj", "{DAE8AC3A-B9B1-4461-A8FB-64A9AB4BBEC1}"
EndProject
Project("{FAE04EC0-301F-11D3-BF4B-00C04F79EFBC}") = "whileLoopsExercise_3", "whileLoopsExercise3\whileLoopsExercise_3.csproj", "{0B92A1D5-8C43-435D-A9F8-D18AF40EF976}"
EndProject
Project("{FAE04EC0-301F-11D3-BF4B-00C04F79EFBC}") = "whileLoopsExercise_4", "whileLoopsExercise4\whileLoopsExercise_4.csproj", "{516FC87C-0AAA-4D44-9581-2B7CCFA8BFAA}"
EndProject
Project("{FAE04EC0-301F-11D3-BF4B-00C04F79EFBC}") = "whileLoopsExercise_5", "whileLoopsExercise5\whileLoopsExercise_5.csproj", "{40286191-1B3B-463F-BCC4-8E0172904AFF}"
EndProject
Project("{FAE04EC0-301F-11D3-BF4B-00C04F79EFBC}") = "whileLoopsHomework_1", "whileLoopsHomework_1\whileLoopsHomework_1.csproj", "{4EB321EF-B442-45FF-BA36-5023C6281CF7}"
EndProject
Project("{FAE04EC0-301F-11D3-BF4B-00C04F79EFBC}") = "Ch_3_Homework_3_5", "Ch3_Homework_3.5\Ch_3_Homework_3_5.csproj", "{705C28EE-9072-4E39-A23C-BE8203EB2DD0}"
EndProject
Project("{FAE04EC0-301F-11D3-BF4B-00C04F79EFBC}") = "Ch_3_Homework_3_6", "Ch_3_Homework_3.6\Ch_3_Homework_3_6.csproj", "{E094B487-7AB2-4091-911B-97DD6D8161BA}"
EndProject
Project("{FAE04EC0-301F-11D3-BF4B-00C04F79EFBC}") = "Ch_3_Homework_3_9", "Ch_3_Homework_3.9\Ch_3_Homework_3_9.csproj", "{E41195B3-3B13-4820-92ED-32809754702B}"
EndProject
Project("{FAE04EC0-301F-11D3-BF4B-00C04F79EFBC}") = "Ch_3_Homework_3_12", "Ch_Homework_3.12\Ch_3_Homework_3_12.csproj", "{15E40555-0A6B-4706-B696-0105124E1BB0}"
EndProject
Project("{FAE04EC0-301F-11D3-BF4B-00C04F79EFBC}") = "Ch_3_Homework_3_14", "Ch_3_Homework_3.14\Ch_3_Homework_3_14.csproj", "{BA3A3A11-7918-4DFD-8F42-24138159DEDC}"
EndProject
Project("{FAE04EC0-301F-11D3-BF4B-00C04F79EFBC}") = "Ch_3_Homework_3_15", "Ch_3_Homework_3.15\Ch_3_Homework_3_15.csproj", "{40A34CA3-E2B5-4B48-B3E5-A782EE3D9876}"
EndProject
Project("{FAE04EC0-301F-11D3-BF4B-00C04F79EFBC}") = "Ch_3_Homework_3_16", "Ch_3_Homework_3.16\Ch_3_Homework_3_16.csproj", "{D0D63BE0-41E6-4D09-B51B-F9A5AFFAAB04}"
EndProject
Project("{FAE04EC0-301F-11D3-BF4B-00C04F79EFBC}") = "Ch_3_Homework_3_17", "Ch_3_Homework_3_17\Ch_3_Homework_3_17.csproj", "{98FDCBFC-FE91-4425-8F81-5CBCDF044F8A}"
EndProject
Project("{FAE04EC0-301F-11D3-BF4B-00C04F79EFBC}") = "Ch_3_Homework_3_18", "Ch_Homewrok_3_18\Ch_3_Homework_3_18.csproj", "{A33F9BE6-2F35-4B57-B278-5873A00C5730}"
EndProject
Project("{FAE04EC0-301F-11D3-BF4B-00C04F79EFBC}") = "Ch_3_Homework_3_19", "Ch_3_Homework_3.19\Ch_3_Homework_3_19.csproj", "{5869B29A-85A8-463B-95B9-AEBBF763531B}"
EndProject
Project("{FAE04EC0-301F-11D3-BF4B-00C04F79EFBC}") = "Ch_3_Homework_3_21", "Ch_3_Homework_3.21\Ch_3_Homework_3_21.csproj", "{2D3DC259-85EB-4DF7-8A04-4D0367D53D15}"
EndProject
Project("{FAE04EC0-301F-11D3-BF4B-00C04F79EFBC}") = "Ch_3_Homework_3_22", "Ch_3_Homework_3.22\Ch_3_Homework_3_22.csproj", "{21F6115E-2A2D-4F5C-910F-1E120EB269E2}"
EndProject
Project("{FAE04EC0-301F-11D3-BF4B-00C04F79EFBC}") = "Ch_3_Homework_3_23", "Ch_3_Homework_3_23\Ch_3_Homework_3_23.csproj", "{04CF20F0-6B09-4428-B728-178703CDF69F}"
EndProject
Project("{FAE04EC0-301F-11D3-BF4B-00C04F79EFBC}") = "Ch_3_Homework_3_24", "Ch_3_Homework_3_24\Ch_3_Homework_3_24.csproj", "{F91C738D-E1D6-4AFD-B61D-6F527B37671E}"
EndProject
Project("{FAE04EC0-301F-11D3-BF4B-00C04F79EFBC}") = "Ch_3_Homework_3_25", "Ch_Homework_3_25\Ch_3_Homework_3_25.csproj", "{6EA5FBC3-D20E-4F0B-A6E7-A889F3E95445}"
EndProject
Project("{FAE04EC0-301F-11D3-BF4B-00C04F79EFBC}") = "Ch_3_Homework_3_26", "Ch_Homework_3_26\Ch_3_Homework_3_26.csproj", "{3391CC22-419B-47D7-98E3-D43067FF4799}"
EndProject
Project("{FAE04EC0-301F-11D3-BF4B-00C04F79EFBC}") = "Ch_3_Homework_3_27", "Ch_3_Homework_3_27\Ch_3_Homework_3_27.csproj", "{C5B9620D-0E08-42A5-B9A2-898FCDABA8B9}"
EndProject
Project("{FAE04EC0-301F-11D3-BF4B-00C04F79EFBC}") = "Ch_3_Homework_3.28", "Ch_3_Homework_3.28\Ch_3_Homework_3.28.csproj", "{2E2DDC18-C659-4DB3-898B-2350A42C3BDB}"
EndProject
Project("{FAE04EC0-301F-11D3-BF4B-00C04F79EFBC}") = "Ch_3_2_1_SomeFunctionsReviewExercises", "Ch_3_2_1_SomeFunctionsReviewExercises\Ch_3_2_1_SomeFunctionsReviewExercises.csproj", "{D47E87F9-F0C7-4FCF-B27E-6DE690F1BAB8}"
EndProject
Project("{FAE04EC0-301F-11D3-BF4B-00C04F79EFBC}") = "Ch_3_2_1_Homeworks", "Ch_3_2_1_Homeworks\Ch_3_2_1_Homeworks.csproj", "{456CE374-4103-45E1-8A4C-628DF290A0AB}"
EndProject
Project("{FAE04EC0-301F-11D3-BF4B-00C04F79EFBC}") = "Ch_3_2_1_Homeworks_2", "Ch_3_2_1_Homeworks_2\Ch_3_2_1_Homeworks_2.csproj", "{4669DF8B-7ACF-411A-A95D-4D5B8405D179}"
EndProject
Project("{FAE04EC0-301F-11D3-BF4B-00C04F79EFBC}") = "Ch_3_2_1_Homework_3", "Ch_3_2_1_Homework_3\Ch_3_2_1_Homework_3.csproj", "{CAE010F6-F52B-41E1-AB93-CEDFF04D8372}"
EndProject
Project("{FAE04EC0-301F-11D3-BF4B-00C04F79EFBC}") = "Ch_3_2_1_Homework_4", "Ch_3_2_1_Homework_4\Ch_3_2_1_Homework_4.csproj", "{813074AC-5280-42AB-8AD7-2A2B6C9B6E75}"
EndProject
Project("{FAE04EC0-301F-11D3-BF4B-00C04F79EFBC}") = "ForLoopsExercisesExtra_1", "WhileLoopsExercisesExtra\ForLoopsExercisesExtra_1.csproj", "{14DF74EE-C96E-4BE1-8509-088E3CC6D627}"
EndProject
Project("{FAE04EC0-301F-11D3-BF4B-00C04F79EFBC}") = "ForLoopsExercisesExstra_2", "ForLoopExerciseExstra_2\ForLoopsExercisesExstra_2.csproj", "{9A0B1433-E115-49CF-898B-F2637A3FAE74}"
EndProject
Project("{FAE04EC0-301F-11D3-BF4B-00C04F79EFBC}") = "ForLoopsExercisesExtra_3", "ForLoopsExercises_3\ForLoopsExercisesExtra_3.csproj", "{8DEA0C1E-9EFA-4DAF-9F6D-E2910EA89B47}"
EndProject
Project("{FAE04EC0-301F-11D3-BF4B-00C04F79EFBC}") = "ForLoopsExercisesExtra_4", "ForLoopsExercisesExtra_4\ForLoopsExercisesExtra_4.csproj", "{C90B8973-38D9-46FC-ACAF-429665CB2AF1}"
EndProject
Project("{FAE04EC0-301F-11D3-BF4B-00C04F79EFBC}") = "Ch_3_2_1_Homeworks_9", "Ch_3_2_1_Homeworks_9\Ch_3_2_1_Homeworks_9.csproj", "{EC30C698-D9B6-4ADD-BF5E-2314BB6FA05E}"
EndProject
Project("{FAE04EC0-301F-11D3-BF4B-00C04F79EFBC}") = "Ch_3_2_1_Homeworks_11", "Ch_3_2_1_Homeworks_11\Ch_3_2_1_Homeworks_11.csproj", "{1542C5F3-0467-4566-848C-5D8B4D8EC298}"
EndProject
Project("{FAE04EC0-301F-11D3-BF4B-00C04F79EFBC}") = "Ch_3_2_1_Homeworks_10", "Ch_3_2_1_Homeworks_10\Ch_3_2_1_Homeworks_10.csproj", "{E2BED1B2-962D-4030-960B-54A0A8FE289E}"
EndProject
Project("{FAE04EC0-301F-11D3-BF4B-00C04F79EFBC}") = "Ch_3_2_1_Homeworks_9_c", "Ch_3_2_1_Homeworks_9_c\Ch_3_2_1_Homeworks_9_c.csproj", "{CC56B2D9-C19C-4F46-8F6A-EF7DAD0BB81D}"
EndProject
Project("{FAE04EC0-301F-11D3-BF4B-00C04F79EFBC}") = "StringPadLeft", "PadLeft\StringPadLeft.csproj", "{6FE54F8C-4F64-4F2B-A33F-4A19938A96FB}"
EndProject
Project("{FAE04EC0-301F-11D3-BF4B-00C04F79EFBC}") = "StringPadRight", "StringPadRight\StringPadRight.csproj", "{369FABE2-59D7-46CC-9B9F-F539047D79D0}"
EndProject
Project("{FAE04EC0-301F-11D3-BF4B-00C04F79EFBC}") = "Ch_3_2_1_Homework_12_A", "Ch_3_2_1_Homework_12a\Ch_3_2_1_Homework_12_A.csproj", "{80A0A8AB-145D-456E-848E-41F2A557D8E5}"
EndProject
Project("{FAE04EC0-301F-11D3-BF4B-00C04F79EFBC}") = "Ch_3_2_1_Homework_12_B", "Ch_3_2_1_Homework_12_B\Ch_3_2_1_Homework_12_B.csproj", "{5CBEE8A8-4DAA-4044-B1D2-0FFB802FC70F}"
EndProject
Project("{FAE04EC0-301F-11D3-BF4B-00C04F79EFBC}") = "Ch_3_2_1_Homework_12_C", "Ch_3_2_1_Homework_12_C\Ch_3_2_1_Homework_12_C.csproj", "{CD7B554F-EA6F-4FDC-AD43-3A056B323CCE}"
EndProject
Project("{FAE04EC0-301F-11D3-BF4B-00C04F79EFBC}") = "Ch_3_2_1_Homeworks_JavaBook_5_4", "Ch_3_2_1_Homeworks_JavaBook_5_4\Ch_3_2_1_Homeworks_JavaBook_5_4.csproj", "{F72F181E-3D27-43B6-B325-7A429D4B3804}"
EndProject
Project("{FAE04EC0-301F-11D3-BF4B-00C04F79EFBC}") = "Ch_3_2_1_Homeworks_JavaBook_5_5", "Ch_3_2_1_Homeworks_JavaBook_5_5\Ch_3_2_1_Homeworks_JavaBook_5_5.csproj", "{A146C5B6-FD84-4B21-90DE-7F9E6E91F8C0}"
EndProject
Project("{FAE04EC0-301F-11D3-BF4B-00C04F79EFBC}") = "Ch_3_2_1_Homeworks_JavaBook_5_6", "Ch_3_2_1_Homeworks_JavaBook_5_6\Ch_3_2_1_Homeworks_JavaBook_5_6.csproj", "{78125098-266F-4299-9A80-3DB0ACF6A6E4}"
EndProject
Project("{FAE04EC0-301F-11D3-BF4B-00C04F79EFBC}") = "Ch_3_2_1_Homeworks_JavaBook_5_8", "Ch_3_2_1_Homeworks_JavaBook_5_8\Ch_3_2_1_Homeworks_JavaBook_5_8.csproj", "{C3CEF703-F99B-4C3C-A573-D5E31F586D31}"
EndProject
Project("{FAE04EC0-301F-11D3-BF4B-00C04F79EFBC}") = "Ch_3_2_1_Homeworks_JavaBook_5_9", "Ch_3_2_1_Homeworks_JavaBook_5_9\Ch_3_2_1_Homeworks_JavaBook_5_9.csproj", "{B9CBCC98-3FD6-456A-BB80-085841BA776F}"
EndProject
Project("{FAE04EC0-301F-11D3-BF4B-00C04F79EFBC}") = "Ch_3_2_1_Homeworks_JavaBook_5_10", "Ch_3_2_1_Homeworks_JavaBook_5_10\Ch_3_2_1_Homeworks_JavaBook_5_10.csproj", "{577FD0A6-84C6-405A-B101-8047202CE46E}"
EndProject
Project("{FAE04EC0-301F-11D3-BF4B-00C04F79EFBC}") = "Ch_3_2_1_Homeworks_JavaBook_5_11", "Ch_3_2_1_Homeworks_JavaBook_5_11\Ch_3_2_1_Homeworks_JavaBook_5_11.csproj", "{1225E639-79C9-42B8-8FEC-B11C58A18125}"
EndProject
Project("{FAE04EC0-301F-11D3-BF4B-00C04F79EFBC}") = "Ch_3_2_1_Homeworks_JavaBook_5_12", "Ch_3_2_1_Homeworks_JavaBook_5_12\Ch_3_2_1_Homeworks_JavaBook_5_12.csproj", "{19AC0C5D-BD1C-45B0-AD2F-EAE277DA54E8}"
EndProject
Project("{FAE04EC0-301F-11D3-BF4B-00C04F79EFBC}") = "Ch_3_2_1_Homeworks_JavaBook_5_13", "Ch_3_2_1_Homeworks_JavaBook_5_13\Ch_3_2_1_Homeworks_JavaBook_5_13.csproj", "{D8E2330D-3C76-4DDA-AB77-630C00E78637}"
EndProject
Project("{FAE04EC0-301F-11D3-BF4B-00C04F79EFBC}") = "Ch_3_2_1_Homeworks_JavaBook_5_14_ebob", "Ch_3_2_1_Homeworks_JavaBook_5_14_ebob\Ch_3_2_1_Homeworks_JavaBook_5_14_ebob.csproj", "{DF08C4A5-88F8-4C3F-B90F-C856EA6BD1E4}"
EndProject
Project("{FAE04EC0-301F-11D3-BF4B-00C04F79EFBC}") = "Ch_3_2_1_JavaBooks_5.18", "Ch_3_2_1_JavaBooks_5.18\Ch_3_2_1_JavaBooks_5.18.csproj", "{EDB6B649-12B9-4354-8037-53916F811905}"
EndProject
Project("{FAE04EC0-301F-11D3-BF4B-00C04F79EFBC}") = "DisplayFourPatterns", "DisplayFourPatterns\DisplayFourPatterns.csproj", "{62CF6826-CD20-4876-B16A-99843CEF6040}"
EndProject
Project("{FAE04EC0-301F-11D3-BF4B-00C04F79EFBC}") = "Ch_3_Methods_Homework_1", "Ch_3_Methods_Homework_1\Ch_3_Methods_Homework_1.csproj", "{6C4B652A-967D-4FF3-A439-EE85538512D8}"
EndProject
Global
	GlobalSection(SolutionConfigurationPlatforms) = preSolution
		Debug|Any CPU = Debug|Any CPU
		Release|Any CPU = Release|Any CPU
	EndGlobalSection
	GlobalSection(ProjectConfigurationPlatforms) = postSolution
		{59BC75FA-AEF7-4862-ACE5-74835811DFF3}.Debug|Any CPU.ActiveCfg = Debug|Any CPU
		{59BC75FA-AEF7-4862-ACE5-74835811DFF3}.Debug|Any CPU.Build.0 = Debug|Any CPU
		{59BC75FA-AEF7-4862-ACE5-74835811DFF3}.Release|Any CPU.ActiveCfg = Release|Any CPU
		{59BC75FA-AEF7-4862-ACE5-74835811DFF3}.Release|Any CPU.Build.0 = Release|Any CPU
		{7CF35E5A-FF81-4493-AB35-4E3A84EC1581}.Debug|Any CPU.ActiveCfg = Debug|Any CPU
		{7CF35E5A-FF81-4493-AB35-4E3A84EC1581}.Debug|Any CPU.Build.0 = Debug|Any CPU
		{7CF35E5A-FF81-4493-AB35-4E3A84EC1581}.Release|Any CPU.ActiveCfg = Release|Any CPU
		{7CF35E5A-FF81-4493-AB35-4E3A84EC1581}.Release|Any CPU.Build.0 = Release|Any CPU
		{712360B0-0D14-4467-AE82-DB914030B9AC}.Debug|Any CPU.ActiveCfg = Debug|Any CPU
		{712360B0-0D14-4467-AE82-DB914030B9AC}.Debug|Any CPU.Build.0 = Debug|Any CPU
		{712360B0-0D14-4467-AE82-DB914030B9AC}.Release|Any CPU.ActiveCfg = Release|Any CPU
		{712360B0-0D14-4467-AE82-DB914030B9AC}.Release|Any CPU.Build.0 = Release|Any CPU
		{FFE22D49-7BD6-46D0-9FF7-DF6F860FC981}.Debug|Any CPU.ActiveCfg = Debug|Any CPU
		{FFE22D49-7BD6-46D0-9FF7-DF6F860FC981}.Debug|Any CPU.Build.0 = Debug|Any CPU
		{FFE22D49-7BD6-46D0-9FF7-DF6F860FC981}.Release|Any CPU.ActiveCfg = Release|Any CPU
		{FFE22D49-7BD6-46D0-9FF7-DF6F860FC981}.Release|Any CPU.Build.0 = Release|Any CPU
		{183377F4-DE5B-4713-8348-DB47A28991FB}.Debug|Any CPU.ActiveCfg = Debug|Any CPU
		{183377F4-DE5B-4713-8348-DB47A28991FB}.Debug|Any CPU.Build.0 = Debug|Any CPU
		{183377F4-DE5B-4713-8348-DB47A28991FB}.Release|Any CPU.ActiveCfg = Release|Any CPU
		{183377F4-DE5B-4713-8348-DB47A28991FB}.Release|Any CPU.Build.0 = Release|Any CPU
		{1B1D99EA-3810-41FC-ADDA-80823663A866}.Debug|Any CPU.ActiveCfg = Debug|Any CPU
		{1B1D99EA-3810-41FC-ADDA-80823663A866}.Debug|Any CPU.Build.0 = Debug|Any CPU
		{1B1D99EA-3810-41FC-ADDA-80823663A866}.Release|Any CPU.ActiveCfg = Release|Any CPU
		{1B1D99EA-3810-41FC-ADDA-80823663A866}.Release|Any CPU.Build.0 = Release|Any CPU
		{EEA4A057-34A4-4C7E-8557-F20323438733}.Debug|Any CPU.ActiveCfg = Debug|Any CPU
		{EEA4A057-34A4-4C7E-8557-F20323438733}.Debug|Any CPU.Build.0 = Debug|Any CPU
		{EEA4A057-34A4-4C7E-8557-F20323438733}.Release|Any CPU.ActiveCfg = Release|Any CPU
		{EEA4A057-34A4-4C7E-8557-F20323438733}.Release|Any CPU.Build.0 = Release|Any CPU
		{65B0BF26-9D4F-494C-8052-B42F08A12969}.Debug|Any CPU.ActiveCfg = Debug|Any CPU
		{65B0BF26-9D4F-494C-8052-B42F08A12969}.Debug|Any CPU.Build.0 = Debug|Any CPU
		{65B0BF26-9D4F-494C-8052-B42F08A12969}.Release|Any CPU.ActiveCfg = Release|Any CPU
		{65B0BF26-9D4F-494C-8052-B42F08A12969}.Release|Any CPU.Build.0 = Release|Any CPU
		{BAE0DB14-E764-482D-9B6E-BFA970F39E91}.Debug|Any CPU.ActiveCfg = Debug|Any CPU
		{BAE0DB14-E764-482D-9B6E-BFA970F39E91}.Debug|Any CPU.Build.0 = Debug|Any CPU
		{BAE0DB14-E764-482D-9B6E-BFA970F39E91}.Release|Any CPU.ActiveCfg = Release|Any CPU
		{BAE0DB14-E764-482D-9B6E-BFA970F39E91}.Release|Any CPU.Build.0 = Release|Any CPU
		{4F3B1289-7B1F-44D2-A974-C433B24CFF0B}.Debug|Any CPU.ActiveCfg = Debug|Any CPU
		{4F3B1289-7B1F-44D2-A974-C433B24CFF0B}.Debug|Any CPU.Build.0 = Debug|Any CPU
		{4F3B1289-7B1F-44D2-A974-C433B24CFF0B}.Release|Any CPU.ActiveCfg = Release|Any CPU
		{4F3B1289-7B1F-44D2-A974-C433B24CFF0B}.Release|Any CPU.Build.0 = Release|Any CPU
		{CFED53F7-BB3E-4B19-B7D0-7C93B905F4AF}.Debug|Any CPU.ActiveCfg = Debug|Any CPU
		{CFED53F7-BB3E-4B19-B7D0-7C93B905F4AF}.Debug|Any CPU.Build.0 = Debug|Any CPU
		{CFED53F7-BB3E-4B19-B7D0-7C93B905F4AF}.Release|Any CPU.ActiveCfg = Release|Any CPU
		{CFED53F7-BB3E-4B19-B7D0-7C93B905F4AF}.Release|Any CPU.Build.0 = Release|Any CPU
		{C631FE15-A4A6-43DE-83CD-22CBCDA3A256}.Debug|Any CPU.ActiveCfg = Debug|Any CPU
		{C631FE15-A4A6-43DE-83CD-22CBCDA3A256}.Debug|Any CPU.Build.0 = Debug|Any CPU
		{C631FE15-A4A6-43DE-83CD-22CBCDA3A256}.Release|Any CPU.ActiveCfg = Release|Any CPU
		{C631FE15-A4A6-43DE-83CD-22CBCDA3A256}.Release|Any CPU.Build.0 = Release|Any CPU
		{E9211EE3-3F46-46F7-B44C-87F6DF3B5062}.Debug|Any CPU.ActiveCfg = Debug|Any CPU
		{E9211EE3-3F46-46F7-B44C-87F6DF3B5062}.Debug|Any CPU.Build.0 = Debug|Any CPU
		{E9211EE3-3F46-46F7-B44C-87F6DF3B5062}.Release|Any CPU.ActiveCfg = Release|Any CPU
		{E9211EE3-3F46-46F7-B44C-87F6DF3B5062}.Release|Any CPU.Build.0 = Release|Any CPU
		{8BBAAEA9-7487-44FC-9BCC-3369CA5F9F17}.Debug|Any CPU.ActiveCfg = Debug|Any CPU
		{8BBAAEA9-7487-44FC-9BCC-3369CA5F9F17}.Debug|Any CPU.Build.0 = Debug|Any CPU
		{8BBAAEA9-7487-44FC-9BCC-3369CA5F9F17}.Release|Any CPU.ActiveCfg = Release|Any CPU
		{8BBAAEA9-7487-44FC-9BCC-3369CA5F9F17}.Release|Any CPU.Build.0 = Release|Any CPU
		{5E36DC0A-B592-4FF9-AF5C-B868A2FC0CC6}.Debug|Any CPU.ActiveCfg = Debug|Any CPU
		{5E36DC0A-B592-4FF9-AF5C-B868A2FC0CC6}.Debug|Any CPU.Build.0 = Debug|Any CPU
		{5E36DC0A-B592-4FF9-AF5C-B868A2FC0CC6}.Release|Any CPU.ActiveCfg = Release|Any CPU
		{5E36DC0A-B592-4FF9-AF5C-B868A2FC0CC6}.Release|Any CPU.Build.0 = Release|Any CPU
		{02D184EE-00D6-4182-939F-45AC311B12BC}.Debug|Any CPU.ActiveCfg = Debug|Any CPU
		{02D184EE-00D6-4182-939F-45AC311B12BC}.Debug|Any CPU.Build.0 = Debug|Any CPU
		{02D184EE-00D6-4182-939F-45AC311B12BC}.Release|Any CPU.ActiveCfg = Release|Any CPU
		{02D184EE-00D6-4182-939F-45AC311B12BC}.Release|Any CPU.Build.0 = Release|Any CPU
		{109AE130-8451-4199-A30F-71FA3C77ED59}.Debug|Any CPU.ActiveCfg = Debug|Any CPU
		{109AE130-8451-4199-A30F-71FA3C77ED59}.Debug|Any CPU.Build.0 = Debug|Any CPU
		{109AE130-8451-4199-A30F-71FA3C77ED59}.Release|Any CPU.ActiveCfg = Release|Any CPU
		{109AE130-8451-4199-A30F-71FA3C77ED59}.Release|Any CPU.Build.0 = Release|Any CPU
		{D73F52C5-09E5-42D3-B926-B8DB179401F6}.Debug|Any CPU.ActiveCfg = Debug|Any CPU
		{D73F52C5-09E5-42D3-B926-B8DB179401F6}.Debug|Any CPU.Build.0 = Debug|Any CPU
		{D73F52C5-09E5-42D3-B926-B8DB179401F6}.Release|Any CPU.ActiveCfg = Release|Any CPU
		{D73F52C5-09E5-42D3-B926-B8DB179401F6}.Release|Any CPU.Build.0 = Release|Any CPU
		{80ADF7B0-720D-4112-94FA-DAAA758A41D7}.Debug|Any CPU.ActiveCfg = Debug|Any CPU
		{80ADF7B0-720D-4112-94FA-DAAA758A41D7}.Debug|Any CPU.Build.0 = Debug|Any CPU
		{80ADF7B0-720D-4112-94FA-DAAA758A41D7}.Release|Any CPU.ActiveCfg = Release|Any CPU
		{80ADF7B0-720D-4112-94FA-DAAA758A41D7}.Release|Any CPU.Build.0 = Release|Any CPU
		{265B38D6-7E52-4A80-821C-42AEBA7B921E}.Debug|Any CPU.ActiveCfg = Debug|Any CPU
		{265B38D6-7E52-4A80-821C-42AEBA7B921E}.Debug|Any CPU.Build.0 = Debug|Any CPU
		{265B38D6-7E52-4A80-821C-42AEBA7B921E}.Release|Any CPU.ActiveCfg = Release|Any CPU
		{265B38D6-7E52-4A80-821C-42AEBA7B921E}.Release|Any CPU.Build.0 = Release|Any CPU
		{586EFCA7-99B0-488F-84E1-17292897CEE2}.Debug|Any CPU.ActiveCfg = Debug|Any CPU
		{586EFCA7-99B0-488F-84E1-17292897CEE2}.Debug|Any CPU.Build.0 = Debug|Any CPU
		{586EFCA7-99B0-488F-84E1-17292897CEE2}.Release|Any CPU.ActiveCfg = Release|Any CPU
		{586EFCA7-99B0-488F-84E1-17292897CEE2}.Release|Any CPU.Build.0 = Release|Any CPU
		{DAE8AC3A-B9B1-4461-A8FB-64A9AB4BBEC1}.Debug|Any CPU.ActiveCfg = Debug|Any CPU
		{DAE8AC3A-B9B1-4461-A8FB-64A9AB4BBEC1}.Debug|Any CPU.Build.0 = Debug|Any CPU
		{DAE8AC3A-B9B1-4461-A8FB-64A9AB4BBEC1}.Release|Any CPU.ActiveCfg = Release|Any CPU
		{DAE8AC3A-B9B1-4461-A8FB-64A9AB4BBEC1}.Release|Any CPU.Build.0 = Release|Any CPU
		{0B92A1D5-8C43-435D-A9F8-D18AF40EF976}.Debug|Any CPU.ActiveCfg = Debug|Any CPU
		{0B92A1D5-8C43-435D-A9F8-D18AF40EF976}.Debug|Any CPU.Build.0 = Debug|Any CPU
		{0B92A1D5-8C43-435D-A9F8-D18AF40EF976}.Release|Any CPU.ActiveCfg = Release|Any CPU
		{0B92A1D5-8C43-435D-A9F8-D18AF40EF976}.Release|Any CPU.Build.0 = Release|Any CPU
		{516FC87C-0AAA-4D44-9581-2B7CCFA8BFAA}.Debug|Any CPU.ActiveCfg = Debug|Any CPU
		{516FC87C-0AAA-4D44-9581-2B7CCFA8BFAA}.Debug|Any CPU.Build.0 = Debug|Any CPU
		{516FC87C-0AAA-4D44-9581-2B7CCFA8BFAA}.Release|Any CPU.ActiveCfg = Release|Any CPU
		{516FC87C-0AAA-4D44-9581-2B7CCFA8BFAA}.Release|Any CPU.Build.0 = Release|Any CPU
		{40286191-1B3B-463F-BCC4-8E0172904AFF}.Debug|Any CPU.ActiveCfg = Debug|Any CPU
		{40286191-1B3B-463F-BCC4-8E0172904AFF}.Debug|Any CPU.Build.0 = Debug|Any CPU
		{40286191-1B3B-463F-BCC4-8E0172904AFF}.Release|Any CPU.ActiveCfg = Release|Any CPU
		{40286191-1B3B-463F-BCC4-8E0172904AFF}.Release|Any CPU.Build.0 = Release|Any CPU
		{4EB321EF-B442-45FF-BA36-5023C6281CF7}.Debug|Any CPU.ActiveCfg = Debug|Any CPU
		{4EB321EF-B442-45FF-BA36-5023C6281CF7}.Debug|Any CPU.Build.0 = Debug|Any CPU
		{4EB321EF-B442-45FF-BA36-5023C6281CF7}.Release|Any CPU.ActiveCfg = Release|Any CPU
		{4EB321EF-B442-45FF-BA36-5023C6281CF7}.Release|Any CPU.Build.0 = Release|Any CPU
		{705C28EE-9072-4E39-A23C-BE8203EB2DD0}.Debug|Any CPU.ActiveCfg = Debug|Any CPU
		{705C28EE-9072-4E39-A23C-BE8203EB2DD0}.Debug|Any CPU.Build.0 = Debug|Any CPU
		{705C28EE-9072-4E39-A23C-BE8203EB2DD0}.Release|Any CPU.ActiveCfg = Release|Any CPU
		{705C28EE-9072-4E39-A23C-BE8203EB2DD0}.Release|Any CPU.Build.0 = Release|Any CPU
		{E094B487-7AB2-4091-911B-97DD6D8161BA}.Debug|Any CPU.ActiveCfg = Debug|Any CPU
		{E094B487-7AB2-4091-911B-97DD6D8161BA}.Debug|Any CPU.Build.0 = Debug|Any CPU
		{E094B487-7AB2-4091-911B-97DD6D8161BA}.Release|Any CPU.ActiveCfg = Release|Any CPU
		{E094B487-7AB2-4091-911B-97DD6D8161BA}.Release|Any CPU.Build.0 = Release|Any CPU
		{E41195B3-3B13-4820-92ED-32809754702B}.Debug|Any CPU.ActiveCfg = Debug|Any CPU
		{E41195B3-3B13-4820-92ED-32809754702B}.Debug|Any CPU.Build.0 = Debug|Any CPU
		{E41195B3-3B13-4820-92ED-32809754702B}.Release|Any CPU.ActiveCfg = Release|Any CPU
		{E41195B3-3B13-4820-92ED-32809754702B}.Release|Any CPU.Build.0 = Release|Any CPU
		{15E40555-0A6B-4706-B696-0105124E1BB0}.Debug|Any CPU.ActiveCfg = Debug|Any CPU
		{15E40555-0A6B-4706-B696-0105124E1BB0}.Debug|Any CPU.Build.0 = Debug|Any CPU
		{15E40555-0A6B-4706-B696-0105124E1BB0}.Release|Any CPU.ActiveCfg = Release|Any CPU
		{15E40555-0A6B-4706-B696-0105124E1BB0}.Release|Any CPU.Build.0 = Release|Any CPU
		{BA3A3A11-7918-4DFD-8F42-24138159DEDC}.Debug|Any CPU.ActiveCfg = Debug|Any CPU
		{BA3A3A11-7918-4DFD-8F42-24138159DEDC}.Debug|Any CPU.Build.0 = Debug|Any CPU
		{BA3A3A11-7918-4DFD-8F42-24138159DEDC}.Release|Any CPU.ActiveCfg = Release|Any CPU
		{BA3A3A11-7918-4DFD-8F42-24138159DEDC}.Release|Any CPU.Build.0 = Release|Any CPU
		{40A34CA3-E2B5-4B48-B3E5-A782EE3D9876}.Debug|Any CPU.ActiveCfg = Debug|Any CPU
		{40A34CA3-E2B5-4B48-B3E5-A782EE3D9876}.Debug|Any CPU.Build.0 = Debug|Any CPU
		{40A34CA3-E2B5-4B48-B3E5-A782EE3D9876}.Release|Any CPU.ActiveCfg = Release|Any CPU
		{40A34CA3-E2B5-4B48-B3E5-A782EE3D9876}.Release|Any CPU.Build.0 = Release|Any CPU
		{D0D63BE0-41E6-4D09-B51B-F9A5AFFAAB04}.Debug|Any CPU.ActiveCfg = Debug|Any CPU
		{D0D63BE0-41E6-4D09-B51B-F9A5AFFAAB04}.Debug|Any CPU.Build.0 = Debug|Any CPU
		{D0D63BE0-41E6-4D09-B51B-F9A5AFFAAB04}.Release|Any CPU.ActiveCfg = Release|Any CPU
		{D0D63BE0-41E6-4D09-B51B-F9A5AFFAAB04}.Release|Any CPU.Build.0 = Release|Any CPU
		{98FDCBFC-FE91-4425-8F81-5CBCDF044F8A}.Debug|Any CPU.ActiveCfg = Debug|Any CPU
		{98FDCBFC-FE91-4425-8F81-5CBCDF044F8A}.Debug|Any CPU.Build.0 = Debug|Any CPU
		{98FDCBFC-FE91-4425-8F81-5CBCDF044F8A}.Release|Any CPU.ActiveCfg = Release|Any CPU
		{98FDCBFC-FE91-4425-8F81-5CBCDF044F8A}.Release|Any CPU.Build.0 = Release|Any CPU
		{A33F9BE6-2F35-4B57-B278-5873A00C5730}.Debug|Any CPU.ActiveCfg = Debug|Any CPU
		{A33F9BE6-2F35-4B57-B278-5873A00C5730}.Debug|Any CPU.Build.0 = Debug|Any CPU
		{A33F9BE6-2F35-4B57-B278-5873A00C5730}.Release|Any CPU.ActiveCfg = Release|Any CPU
		{A33F9BE6-2F35-4B57-B278-5873A00C5730}.Release|Any CPU.Build.0 = Release|Any CPU
		{5869B29A-85A8-463B-95B9-AEBBF763531B}.Debug|Any CPU.ActiveCfg = Debug|Any CPU
		{5869B29A-85A8-463B-95B9-AEBBF763531B}.Debug|Any CPU.Build.0 = Debug|Any CPU
		{5869B29A-85A8-463B-95B9-AEBBF763531B}.Release|Any CPU.ActiveCfg = Release|Any CPU
		{5869B29A-85A8-463B-95B9-AEBBF763531B}.Release|Any CPU.Build.0 = Release|Any CPU
		{2D3DC259-85EB-4DF7-8A04-4D0367D53D15}.Debug|Any CPU.ActiveCfg = Debug|Any CPU
		{2D3DC259-85EB-4DF7-8A04-4D0367D53D15}.Debug|Any CPU.Build.0 = Debug|Any CPU
		{2D3DC259-85EB-4DF7-8A04-4D0367D53D15}.Release|Any CPU.ActiveCfg = Release|Any CPU
		{2D3DC259-85EB-4DF7-8A04-4D0367D53D15}.Release|Any CPU.Build.0 = Release|Any CPU
		{21F6115E-2A2D-4F5C-910F-1E120EB269E2}.Debug|Any CPU.ActiveCfg = Debug|Any CPU
		{21F6115E-2A2D-4F5C-910F-1E120EB269E2}.Debug|Any CPU.Build.0 = Debug|Any CPU
		{21F6115E-2A2D-4F5C-910F-1E120EB269E2}.Release|Any CPU.ActiveCfg = Release|Any CPU
		{21F6115E-2A2D-4F5C-910F-1E120EB269E2}.Release|Any CPU.Build.0 = Release|Any CPU
		{04CF20F0-6B09-4428-B728-178703CDF69F}.Debug|Any CPU.ActiveCfg = Debug|Any CPU
		{04CF20F0-6B09-4428-B728-178703CDF69F}.Debug|Any CPU.Build.0 = Debug|Any CPU
		{04CF20F0-6B09-4428-B728-178703CDF69F}.Release|Any CPU.ActiveCfg = Release|Any CPU
		{04CF20F0-6B09-4428-B728-178703CDF69F}.Release|Any CPU.Build.0 = Release|Any CPU
		{F91C738D-E1D6-4AFD-B61D-6F527B37671E}.Debug|Any CPU.ActiveCfg = Debug|Any CPU
		{F91C738D-E1D6-4AFD-B61D-6F527B37671E}.Debug|Any CPU.Build.0 = Debug|Any CPU
		{F91C738D-E1D6-4AFD-B61D-6F527B37671E}.Release|Any CPU.ActiveCfg = Release|Any CPU
		{F91C738D-E1D6-4AFD-B61D-6F527B37671E}.Release|Any CPU.Build.0 = Release|Any CPU
		{6EA5FBC3-D20E-4F0B-A6E7-A889F3E95445}.Debug|Any CPU.ActiveCfg = Debug|Any CPU
		{6EA5FBC3-D20E-4F0B-A6E7-A889F3E95445}.Debug|Any CPU.Build.0 = Debug|Any CPU
		{6EA5FBC3-D20E-4F0B-A6E7-A889F3E95445}.Release|Any CPU.ActiveCfg = Release|Any CPU
		{6EA5FBC3-D20E-4F0B-A6E7-A889F3E95445}.Release|Any CPU.Build.0 = Release|Any CPU
		{3391CC22-419B-47D7-98E3-D43067FF4799}.Debug|Any CPU.ActiveCfg = Debug|Any CPU
		{3391CC22-419B-47D7-98E3-D43067FF4799}.Debug|Any CPU.Build.0 = Debug|Any CPU
		{3391CC22-419B-47D7-98E3-D43067FF4799}.Release|Any CPU.ActiveCfg = Release|Any CPU
		{3391CC22-419B-47D7-98E3-D43067FF4799}.Release|Any CPU.Build.0 = Release|Any CPU
		{C5B9620D-0E08-42A5-B9A2-898FCDABA8B9}.Debug|Any CPU.ActiveCfg = Debug|Any CPU
		{C5B9620D-0E08-42A5-B9A2-898FCDABA8B9}.Debug|Any CPU.Build.0 = Debug|Any CPU
		{C5B9620D-0E08-42A5-B9A2-898FCDABA8B9}.Release|Any CPU.ActiveCfg = Release|Any CPU
		{C5B9620D-0E08-42A5-B9A2-898FCDABA8B9}.Release|Any CPU.Build.0 = Release|Any CPU
		{2E2DDC18-C659-4DB3-898B-2350A42C3BDB}.Debug|Any CPU.ActiveCfg = Debug|Any CPU
		{2E2DDC18-C659-4DB3-898B-2350A42C3BDB}.Debug|Any CPU.Build.0 = Debug|Any CPU
		{2E2DDC18-C659-4DB3-898B-2350A42C3BDB}.Release|Any CPU.ActiveCfg = Release|Any CPU
		{2E2DDC18-C659-4DB3-898B-2350A42C3BDB}.Release|Any CPU.Build.0 = Release|Any CPU
		{D47E87F9-F0C7-4FCF-B27E-6DE690F1BAB8}.Debug|Any CPU.ActiveCfg = Debug|Any CPU
		{D47E87F9-F0C7-4FCF-B27E-6DE690F1BAB8}.Debug|Any CPU.Build.0 = Debug|Any CPU
		{D47E87F9-F0C7-4FCF-B27E-6DE690F1BAB8}.Release|Any CPU.ActiveCfg = Release|Any CPU
		{D47E87F9-F0C7-4FCF-B27E-6DE690F1BAB8}.Release|Any CPU.Build.0 = Release|Any CPU
		{456CE374-4103-45E1-8A4C-628DF290A0AB}.Debug|Any CPU.ActiveCfg = Debug|Any CPU
		{456CE374-4103-45E1-8A4C-628DF290A0AB}.Debug|Any CPU.Build.0 = Debug|Any CPU
		{456CE374-4103-45E1-8A4C-628DF290A0AB}.Release|Any CPU.ActiveCfg = Release|Any CPU
		{456CE374-4103-45E1-8A4C-628DF290A0AB}.Release|Any CPU.Build.0 = Release|Any CPU
		{4669DF8B-7ACF-411A-A95D-4D5B8405D179}.Debug|Any CPU.ActiveCfg = Debug|Any CPU
		{4669DF8B-7ACF-411A-A95D-4D5B8405D179}.Debug|Any CPU.Build.0 = Debug|Any CPU
		{4669DF8B-7ACF-411A-A95D-4D5B8405D179}.Release|Any CPU.ActiveCfg = Release|Any CPU
		{4669DF8B-7ACF-411A-A95D-4D5B8405D179}.Release|Any CPU.Build.0 = Release|Any CPU
		{CAE010F6-F52B-41E1-AB93-CEDFF04D8372}.Debug|Any CPU.ActiveCfg = Debug|Any CPU
		{CAE010F6-F52B-41E1-AB93-CEDFF04D8372}.Debug|Any CPU.Build.0 = Debug|Any CPU
		{CAE010F6-F52B-41E1-AB93-CEDFF04D8372}.Release|Any CPU.ActiveCfg = Release|Any CPU
		{CAE010F6-F52B-41E1-AB93-CEDFF04D8372}.Release|Any CPU.Build.0 = Release|Any CPU
		{813074AC-5280-42AB-8AD7-2A2B6C9B6E75}.Debug|Any CPU.ActiveCfg = Debug|Any CPU
		{813074AC-5280-42AB-8AD7-2A2B6C9B6E75}.Debug|Any CPU.Build.0 = Debug|Any CPU
		{813074AC-5280-42AB-8AD7-2A2B6C9B6E75}.Release|Any CPU.ActiveCfg = Release|Any CPU
		{813074AC-5280-42AB-8AD7-2A2B6C9B6E75}.Release|Any CPU.Build.0 = Release|Any CPU
		{14DF74EE-C96E-4BE1-8509-088E3CC6D627}.Debug|Any CPU.ActiveCfg = Debug|Any CPU
		{14DF74EE-C96E-4BE1-8509-088E3CC6D627}.Debug|Any CPU.Build.0 = Debug|Any CPU
		{14DF74EE-C96E-4BE1-8509-088E3CC6D627}.Release|Any CPU.ActiveCfg = Release|Any CPU
		{14DF74EE-C96E-4BE1-8509-088E3CC6D627}.Release|Any CPU.Build.0 = Release|Any CPU
		{9A0B1433-E115-49CF-898B-F2637A3FAE74}.Debug|Any CPU.ActiveCfg = Debug|Any CPU
		{9A0B1433-E115-49CF-898B-F2637A3FAE74}.Debug|Any CPU.Build.0 = Debug|Any CPU
		{9A0B1433-E115-49CF-898B-F2637A3FAE74}.Release|Any CPU.ActiveCfg = Release|Any CPU
		{9A0B1433-E115-49CF-898B-F2637A3FAE74}.Release|Any CPU.Build.0 = Release|Any CPU
		{8DEA0C1E-9EFA-4DAF-9F6D-E2910EA89B47}.Debug|Any CPU.ActiveCfg = Debug|Any CPU
		{8DEA0C1E-9EFA-4DAF-9F6D-E2910EA89B47}.Debug|Any CPU.Build.0 = Debug|Any CPU
		{8DEA0C1E-9EFA-4DAF-9F6D-E2910EA89B47}.Release|Any CPU.ActiveCfg = Release|Any CPU
		{8DEA0C1E-9EFA-4DAF-9F6D-E2910EA89B47}.Release|Any CPU.Build.0 = Release|Any CPU
		{C90B8973-38D9-46FC-ACAF-429665CB2AF1}.Debug|Any CPU.ActiveCfg = Debug|Any CPU
		{C90B8973-38D9-46FC-ACAF-429665CB2AF1}.Debug|Any CPU.Build.0 = Debug|Any CPU
		{C90B8973-38D9-46FC-ACAF-429665CB2AF1}.Release|Any CPU.ActiveCfg = Release|Any CPU
		{C90B8973-38D9-46FC-ACAF-429665CB2AF1}.Release|Any CPU.Build.0 = Release|Any CPU
		{EC30C698-D9B6-4ADD-BF5E-2314BB6FA05E}.Debug|Any CPU.ActiveCfg = Debug|Any CPU
		{EC30C698-D9B6-4ADD-BF5E-2314BB6FA05E}.Debug|Any CPU.Build.0 = Debug|Any CPU
		{EC30C698-D9B6-4ADD-BF5E-2314BB6FA05E}.Release|Any CPU.ActiveCfg = Release|Any CPU
		{EC30C698-D9B6-4ADD-BF5E-2314BB6FA05E}.Release|Any CPU.Build.0 = Release|Any CPU
		{1542C5F3-0467-4566-848C-5D8B4D8EC298}.Debug|Any CPU.ActiveCfg = Debug|Any CPU
		{1542C5F3-0467-4566-848C-5D8B4D8EC298}.Debug|Any CPU.Build.0 = Debug|Any CPU
		{1542C5F3-0467-4566-848C-5D8B4D8EC298}.Release|Any CPU.ActiveCfg = Release|Any CPU
		{1542C5F3-0467-4566-848C-5D8B4D8EC298}.Release|Any CPU.Build.0 = Release|Any CPU
		{E2BED1B2-962D-4030-960B-54A0A8FE289E}.Debug|Any CPU.ActiveCfg = Debug|Any CPU
		{E2BED1B2-962D-4030-960B-54A0A8FE289E}.Debug|Any CPU.Build.0 = Debug|Any CPU
		{E2BED1B2-962D-4030-960B-54A0A8FE289E}.Release|Any CPU.ActiveCfg = Release|Any CPU
		{E2BED1B2-962D-4030-960B-54A0A8FE289E}.Release|Any CPU.Build.0 = Release|Any CPU
		{CC56B2D9-C19C-4F46-8F6A-EF7DAD0BB81D}.Debug|Any CPU.ActiveCfg = Debug|Any CPU
		{CC56B2D9-C19C-4F46-8F6A-EF7DAD0BB81D}.Debug|Any CPU.Build.0 = Debug|Any CPU
		{CC56B2D9-C19C-4F46-8F6A-EF7DAD0BB81D}.Release|Any CPU.ActiveCfg = Release|Any CPU
		{CC56B2D9-C19C-4F46-8F6A-EF7DAD0BB81D}.Release|Any CPU.Build.0 = Release|Any CPU
		{6FE54F8C-4F64-4F2B-A33F-4A19938A96FB}.Debug|Any CPU.ActiveCfg = Debug|Any CPU
		{6FE54F8C-4F64-4F2B-A33F-4A19938A96FB}.Debug|Any CPU.Build.0 = Debug|Any CPU
		{6FE54F8C-4F64-4F2B-A33F-4A19938A96FB}.Release|Any CPU.ActiveCfg = Release|Any CPU
		{6FE54F8C-4F64-4F2B-A33F-4A19938A96FB}.Release|Any CPU.Build.0 = Release|Any CPU
		{369FABE2-59D7-46CC-9B9F-F539047D79D0}.Debug|Any CPU.ActiveCfg = Debug|Any CPU
		{369FABE2-59D7-46CC-9B9F-F539047D79D0}.Debug|Any CPU.Build.0 = Debug|Any CPU
		{369FABE2-59D7-46CC-9B9F-F539047D79D0}.Release|Any CPU.ActiveCfg = Release|Any CPU
		{369FABE2-59D7-46CC-9B9F-F539047D79D0}.Release|Any CPU.Build.0 = Release|Any CPU
		{80A0A8AB-145D-456E-848E-41F2A557D8E5}.Debug|Any CPU.ActiveCfg = Debug|Any CPU
		{80A0A8AB-145D-456E-848E-41F2A557D8E5}.Debug|Any CPU.Build.0 = Debug|Any CPU
		{80A0A8AB-145D-456E-848E-41F2A557D8E5}.Release|Any CPU.ActiveCfg = Release|Any CPU
		{80A0A8AB-145D-456E-848E-41F2A557D8E5}.Release|Any CPU.Build.0 = Release|Any CPU
		{5CBEE8A8-4DAA-4044-B1D2-0FFB802FC70F}.Debug|Any CPU.ActiveCfg = Debug|Any CPU
		{5CBEE8A8-4DAA-4044-B1D2-0FFB802FC70F}.Debug|Any CPU.Build.0 = Debug|Any CPU
		{5CBEE8A8-4DAA-4044-B1D2-0FFB802FC70F}.Release|Any CPU.ActiveCfg = Release|Any CPU
		{5CBEE8A8-4DAA-4044-B1D2-0FFB802FC70F}.Release|Any CPU.Build.0 = Release|Any CPU
		{CD7B554F-EA6F-4FDC-AD43-3A056B323CCE}.Debug|Any CPU.ActiveCfg = Debug|Any CPU
		{CD7B554F-EA6F-4FDC-AD43-3A056B323CCE}.Debug|Any CPU.Build.0 = Debug|Any CPU
		{CD7B554F-EA6F-4FDC-AD43-3A056B323CCE}.Release|Any CPU.ActiveCfg = Release|Any CPU
		{CD7B554F-EA6F-4FDC-AD43-3A056B323CCE}.Release|Any CPU.Build.0 = Release|Any CPU
		{F72F181E-3D27-43B6-B325-7A429D4B3804}.Debug|Any CPU.ActiveCfg = Debug|Any CPU
		{F72F181E-3D27-43B6-B325-7A429D4B3804}.Debug|Any CPU.Build.0 = Debug|Any CPU
		{F72F181E-3D27-43B6-B325-7A429D4B3804}.Release|Any CPU.ActiveCfg = Release|Any CPU
		{F72F181E-3D27-43B6-B325-7A429D4B3804}.Release|Any CPU.Build.0 = Release|Any CPU
		{A146C5B6-FD84-4B21-90DE-7F9E6E91F8C0}.Debug|Any CPU.ActiveCfg = Debug|Any CPU
		{A146C5B6-FD84-4B21-90DE-7F9E6E91F8C0}.Debug|Any CPU.Build.0 = Debug|Any CPU
		{A146C5B6-FD84-4B21-90DE-7F9E6E91F8C0}.Release|Any CPU.ActiveCfg = Release|Any CPU
		{A146C5B6-FD84-4B21-90DE-7F9E6E91F8C0}.Release|Any CPU.Build.0 = Release|Any CPU
		{78125098-266F-4299-9A80-3DB0ACF6A6E4}.Debug|Any CPU.ActiveCfg = Debug|Any CPU
		{78125098-266F-4299-9A80-3DB0ACF6A6E4}.Debug|Any CPU.Build.0 = Debug|Any CPU
		{78125098-266F-4299-9A80-3DB0ACF6A6E4}.Release|Any CPU.ActiveCfg = Release|Any CPU
		{78125098-266F-4299-9A80-3DB0ACF6A6E4}.Release|Any CPU.Build.0 = Release|Any CPU
		{C3CEF703-F99B-4C3C-A573-D5E31F586D31}.Debug|Any CPU.ActiveCfg = Debug|Any CPU
		{C3CEF703-F99B-4C3C-A573-D5E31F586D31}.Debug|Any CPU.Build.0 = Debug|Any CPU
		{C3CEF703-F99B-4C3C-A573-D5E31F586D31}.Release|Any CPU.ActiveCfg = Release|Any CPU
		{C3CEF703-F99B-4C3C-A573-D5E31F586D31}.Release|Any CPU.Build.0 = Release|Any CPU
		{B9CBCC98-3FD6-456A-BB80-085841BA776F}.Debug|Any CPU.ActiveCfg = Debug|Any CPU
		{B9CBCC98-3FD6-456A-BB80-085841BA776F}.Debug|Any CPU.Build.0 = Debug|Any CPU
		{B9CBCC98-3FD6-456A-BB80-085841BA776F}.Release|Any CPU.ActiveCfg = Release|Any CPU
		{B9CBCC98-3FD6-456A-BB80-085841BA776F}.Release|Any CPU.Build.0 = Release|Any CPU
		{577FD0A6-84C6-405A-B101-8047202CE46E}.Debug|Any CPU.ActiveCfg = Debug|Any CPU
		{577FD0A6-84C6-405A-B101-8047202CE46E}.Debug|Any CPU.Build.0 = Debug|Any CPU
		{577FD0A6-84C6-405A-B101-8047202CE46E}.Release|Any CPU.ActiveCfg = Release|Any CPU
		{577FD0A6-84C6-405A-B101-8047202CE46E}.Release|Any CPU.Build.0 = Release|Any CPU
		{1225E639-79C9-42B8-8FEC-B11C58A18125}.Debug|Any CPU.ActiveCfg = Debug|Any CPU
		{1225E639-79C9-42B8-8FEC-B11C58A18125}.Debug|Any CPU.Build.0 = Debug|Any CPU
		{1225E639-79C9-42B8-8FEC-B11C58A18125}.Release|Any CPU.ActiveCfg = Release|Any CPU
		{1225E639-79C9-42B8-8FEC-B11C58A18125}.Release|Any CPU.Build.0 = Release|Any CPU
		{19AC0C5D-BD1C-45B0-AD2F-EAE277DA54E8}.Debug|Any CPU.ActiveCfg = Debug|Any CPU
		{19AC0C5D-BD1C-45B0-AD2F-EAE277DA54E8}.Debug|Any CPU.Build.0 = Debug|Any CPU
		{19AC0C5D-BD1C-45B0-AD2F-EAE277DA54E8}.Release|Any CPU.ActiveCfg = Release|Any CPU
		{19AC0C5D-BD1C-45B0-AD2F-EAE277DA54E8}.Release|Any CPU.Build.0 = Release|Any CPU
		{D8E2330D-3C76-4DDA-AB77-630C00E78637}.Debug|Any CPU.ActiveCfg = Debug|Any CPU
		{D8E2330D-3C76-4DDA-AB77-630C00E78637}.Debug|Any CPU.Build.0 = Debug|Any CPU
		{D8E2330D-3C76-4DDA-AB77-630C00E78637}.Release|Any CPU.ActiveCfg = Release|Any CPU
		{D8E2330D-3C76-4DDA-AB77-630C00E78637}.Release|Any CPU.Build.0 = Release|Any CPU
		{DF08C4A5-88F8-4C3F-B90F-C856EA6BD1E4}.Debug|Any CPU.ActiveCfg = Debug|Any CPU
		{DF08C4A5-88F8-4C3F-B90F-C856EA6BD1E4}.Debug|Any CPU.Build.0 = Debug|Any CPU
		{DF08C4A5-88F8-4C3F-B90F-C856EA6BD1E4}.Release|Any CPU.ActiveCfg = Release|Any CPU
		{DF08C4A5-88F8-4C3F-B90F-C856EA6BD1E4}.Release|Any CPU.Build.0 = Release|Any CPU
		{EDB6B649-12B9-4354-8037-53916F811905}.Debug|Any CPU.ActiveCfg = Debug|Any CPU
		{EDB6B649-12B9-4354-8037-53916F811905}.Debug|Any CPU.Build.0 = Debug|Any CPU
		{EDB6B649-12B9-4354-8037-53916F811905}.Release|Any CPU.ActiveCfg = Release|Any CPU
		{EDB6B649-12B9-4354-8037-53916F811905}.Release|Any CPU.Build.0 = Release|Any CPU
		{62CF6826-CD20-4876-B16A-99843CEF6040}.Debug|Any CPU.ActiveCfg = Debug|Any CPU
		{62CF6826-CD20-4876-B16A-99843CEF6040}.Debug|Any CPU.Build.0 = Debug|Any CPU
		{62CF6826-CD20-4876-B16A-99843CEF6040}.Release|Any CPU.ActiveCfg = Release|Any CPU
		{62CF6826-CD20-4876-B16A-99843CEF6040}.Release|Any CPU.Build.0 = Release|Any CPU
		{6C4B652A-967D-4FF3-A439-EE85538512D8}.Debug|Any CPU.ActiveCfg = Debug|Any CPU
		{6C4B652A-967D-4FF3-A439-EE85538512D8}.Debug|Any CPU.Build.0 = Debug|Any CPU
		{6C4B652A-967D-4FF3-A439-EE85538512D8}.Release|Any CPU.ActiveCfg = Release|Any CPU
		{6C4B652A-967D-4FF3-A439-EE85538512D8}.Release|Any CPU.Build.0 = Release|Any CPU
	EndGlobalSection
	GlobalSection(SolutionProperties) = preSolution
		HideSolutionNode = FALSE
	EndGlobalSection
	GlobalSection(ExtensibilityGlobals) = postSolution
		SolutionGuid = {5270AD39-9936-449D-B09B-75C307491D24}
	EndGlobalSection
EndGlobal
