
Microsoft Visual Studio Solution File, Format Version 12.00
# Visual Studio Version 17
VisualStudioVersion = 17.0.32014.148
MinimumVisualStudioVersion = 10.0.40219.1
Project("{FAE04EC0-301F-11D3-BF4B-00C04F79EFBC}") = "FromMinuteToDayCalculate", "FromMinuteToDayCalculate\FromMinuteToDayCalculate.csproj", "{59BC75FA-AEF7-4862-ACE5-74835811DFF3}"
EndProject
Project("{FAE04EC0-301F-11D3-BF4B-00C04F79EFBC}") = "SumTheDigitsInt", "SumTheDigitsInt\SumTheDigitsInt.csproj", "{7CF35E5A-FF81-4493-AB35-4E3A84EC1581}"
EndProject
Project("{FAE04EC0-301F-11D3-BF4B-00C04F79EFBC}") = "VolumeOfCyclinder", "VolumeOfCyclinder\VolumeOfCyclinder.csproj", "{712360B0-0D14-4467-AE82-DB914030B9AC}"
EndProject
Project("{FAE04EC0-301F-11D3-BF4B-00C04F79EFBC}") = "FeetToMeters", "..\VolumeOfCyclinder\FeetToMeters\FeetToMeters.csproj", "{E5FF0756-5FE7-4C98-AE76-585A9213B812}"
EndProject
Project("{FAE04EC0-301F-11D3-BF4B-00C04F79EFBC}") = "TipCalculator", "..\VolumeOfCyclinder\TipCalculator\TipCalculator.csproj", "{0E28B743-2C63-4E0B-A7D0-4A02BE7055E5}"
EndProject
Project("{FAE04EC0-301F-11D3-BF4B-00C04F79EFBC}") = "Exercise1", "..\Exercise1\Exercise1\Exercise1.csproj", "{FFE22D49-7BD6-46D0-9FF7-DF6F860FC981}"
EndProject
Project("{FAE04EC0-301F-11D3-BF4B-00C04F79EFBC}") = "Ch_1_Homework_2-9", "Ch_1_Homework_2-9\Ch_1_Homework_2-9.csproj", "{183377F4-DE5B-4713-8348-DB47A28991FB}"
EndProject
Project("{FAE04EC0-301F-11D3-BF4B-00C04F79EFBC}") = "CalculatingEnergy_Homework_2-10", "CalculatingEnergy_Homework_2-10\CalculatingEnergy_Homework_2-10.csproj", "{1B1D99EA-3810-41FC-ADDA-80823663A866}"
EndProject
Project("{FAE04EC0-301F-11D3-BF4B-00C04F79EFBC}") = "PopulationProjection_Homework_2-11", "PopulationProjection_Homework_2-11\PopulationProjection_Homework_2-11.csproj", "{EEA4A057-34A4-4C7E-8557-F20323438733}"
EndProject
Project("{FAE04EC0-301F-11D3-BF4B-00C04F79EFBC}") = "findingRunwayLength_Homework_2-12", "findingRunwayLength_Homework_2-12\findingRunwayLength_Homework_2-12.csproj", "{65B0BF26-9D4F-494C-8052-B42F08A12969}"
EndProject
Project("{FAE04EC0-301F-11D3-BF4B-00C04F79EFBC}") = "FinancalApplication_Homework_2-13", "FinancalApplication_Homework_2-13\FinancalApplication_Homework_2-13.csproj", "{BAE0DB14-E764-482D-9B6E-BFA970F39E91}"
EndProject
Project("{FAE04EC0-301F-11D3-BF4B-00C04F79EFBC}") = "Ch_3_Homework1", "Ch_3_Homework1\Ch_3_Homework1.csproj", "{4F3B1289-7B1F-44D2-A974-C433B24CFF0B}"
EndProject
Project("{FAE04EC0-301F-11D3-BF4B-00C04F79EFBC}") = "Ch_3_Homework2", "Ch_3_Homework2\Ch_3_Homework2.csproj", "{CFED53F7-BB3E-4B19-B7D0-7C93B905F4AF}"
EndProject
Global
	GlobalSection(SolutionConfigurationPlatforms) = preSolution
		Debug|Any CPU = Debug|Any CPU
		Release|Any CPU = Release|Any CPU
	EndGlobalSection
	GlobalSection(ProjectConfigurationPlatforms) = postSolution
		{59BC75FA-AEF7-4862-ACE5-74835811DFF3}.Debug|Any CPU.ActiveCfg = Debug|Any CPU
		{59BC75FA-AEF7-4862-ACE5-74835811DFF3}.Debug|Any CPU.Build.0 = Debug|Any CPU
		{59BC75FA-AEF7-4862-ACE5-74835811DFF3}.Release|Any CPU.ActiveCfg = Release|Any CPU
		{59BC75FA-AEF7-4862-ACE5-74835811DFF3}.Release|Any CPU.Build.0 = Release|Any CPU
		{7CF35E5A-FF81-4493-AB35-4E3A84EC1581}.Debug|Any CPU.ActiveCfg = Debug|Any CPU
		{7CF35E5A-FF81-4493-AB35-4E3A84EC1581}.Debug|Any CPU.Build.0 = Debug|Any CPU
		{7CF35E5A-FF81-4493-AB35-4E3A84EC1581}.Release|Any CPU.ActiveCfg = Release|Any CPU
		{7CF35E5A-FF81-4493-AB35-4E3A84EC1581}.Release|Any CPU.Build.0 = Release|Any CPU
		{712360B0-0D14-4467-AE82-DB914030B9AC}.Debug|Any CPU.ActiveCfg = Debug|Any CPU
		{712360B0-0D14-4467-AE82-DB914030B9AC}.Debug|Any CPU.Build.0 = Debug|Any CPU
		{712360B0-0D14-4467-AE82-DB914030B9AC}.Release|Any CPU.ActiveCfg = Release|Any CPU
		{712360B0-0D14-4467-AE82-DB914030B9AC}.Release|Any CPU.Build.0 = Release|Any CPU
		{E5FF0756-5FE7-4C98-AE76-585A9213B812}.Debug|Any CPU.ActiveCfg = Debug|Any CPU
		{E5FF0756-5FE7-4C98-AE76-585A9213B812}.Debug|Any CPU.Build.0 = Debug|Any CPU
		{E5FF0756-5FE7-4C98-AE76-585A9213B812}.Release|Any CPU.ActiveCfg = Release|Any CPU
		{E5FF0756-5FE7-4C98-AE76-585A9213B812}.Release|Any CPU.Build.0 = Release|Any CPU
		{0E28B743-2C63-4E0B-A7D0-4A02BE7055E5}.Debug|Any CPU.ActiveCfg = Debug|Any CPU
		{0E28B743-2C63-4E0B-A7D0-4A02BE7055E5}.Debug|Any CPU.Build.0 = Debug|Any CPU
		{0E28B743-2C63-4E0B-A7D0-4A02BE7055E5}.Release|Any CPU.ActiveCfg = Release|Any CPU
		{0E28B743-2C63-4E0B-A7D0-4A02BE7055E5}.Release|Any CPU.Build.0 = Release|Any CPU
		{FFE22D49-7BD6-46D0-9FF7-DF6F860FC981}.Debug|Any CPU.ActiveCfg = Debug|Any CPU
		{FFE22D49-7BD6-46D0-9FF7-DF6F860FC981}.Debug|Any CPU.Build.0 = Debug|Any CPU
		{FFE22D49-7BD6-46D0-9FF7-DF6F860FC981}.Release|Any CPU.ActiveCfg = Release|Any CPU
		{FFE22D49-7BD6-46D0-9FF7-DF6F860FC981}.Release|Any CPU.Build.0 = Release|Any CPU
		{183377F4-DE5B-4713-8348-DB47A28991FB}.Debug|Any CPU.ActiveCfg = Debug|Any CPU
		{183377F4-DE5B-4713-8348-DB47A28991FB}.Debug|Any CPU.Build.0 = Debug|Any CPU
		{183377F4-DE5B-4713-8348-DB47A28991FB}.Release|Any CPU.ActiveCfg = Release|Any CPU
		{183377F4-DE5B-4713-8348-DB47A28991FB}.Release|Any CPU.Build.0 = Release|Any CPU
		{1B1D99EA-3810-41FC-ADDA-80823663A866}.Debug|Any CPU.ActiveCfg = Debug|Any CPU
		{1B1D99EA-3810-41FC-ADDA-80823663A866}.Debug|Any CPU.Build.0 = Debug|Any CPU
		{1B1D99EA-3810-41FC-ADDA-80823663A866}.Release|Any CPU.ActiveCfg = Release|Any CPU
		{1B1D99EA-3810-41FC-ADDA-80823663A866}.Release|Any CPU.Build.0 = Release|Any CPU
		{EEA4A057-34A4-4C7E-8557-F20323438733}.Debug|Any CPU.ActiveCfg = Debug|Any CPU
		{EEA4A057-34A4-4C7E-8557-F20323438733}.Debug|Any CPU.Build.0 = Debug|Any CPU
		{EEA4A057-34A4-4C7E-8557-F20323438733}.Release|Any CPU.ActiveCfg = Release|Any CPU
		{EEA4A057-34A4-4C7E-8557-F20323438733}.Release|Any CPU.Build.0 = Release|Any CPU
		{65B0BF26-9D4F-494C-8052-B42F08A12969}.Debug|Any CPU.ActiveCfg = Debug|Any CPU
		{65B0BF26-9D4F-494C-8052-B42F08A12969}.Debug|Any CPU.Build.0 = Debug|Any CPU
		{65B0BF26-9D4F-494C-8052-B42F08A12969}.Release|Any CPU.ActiveCfg = Release|Any CPU
		{65B0BF26-9D4F-494C-8052-B42F08A12969}.Release|Any CPU.Build.0 = Release|Any CPU
		{BAE0DB14-E764-482D-9B6E-BFA970F39E91}.Debug|Any CPU.ActiveCfg = Debug|Any CPU
		{BAE0DB14-E764-482D-9B6E-BFA970F39E91}.Debug|Any CPU.Build.0 = Debug|Any CPU
		{BAE0DB14-E764-482D-9B6E-BFA970F39E91}.Release|Any CPU.ActiveCfg = Release|Any CPU
		{BAE0DB14-E764-482D-9B6E-BFA970F39E91}.Release|Any CPU.Build.0 = Release|Any CPU
		{4F3B1289-7B1F-44D2-A974-C433B24CFF0B}.Debug|Any CPU.ActiveCfg = Debug|Any CPU
		{4F3B1289-7B1F-44D2-A974-C433B24CFF0B}.Debug|Any CPU.Build.0 = Debug|Any CPU
		{4F3B1289-7B1F-44D2-A974-C433B24CFF0B}.Release|Any CPU.ActiveCfg = Release|Any CPU
		{4F3B1289-7B1F-44D2-A974-C433B24CFF0B}.Release|Any CPU.Build.0 = Release|Any CPU
		{CFED53F7-BB3E-4B19-B7D0-7C93B905F4AF}.Debug|Any CPU.ActiveCfg = Debug|Any CPU
		{CFED53F7-BB3E-4B19-B7D0-7C93B905F4AF}.Debug|Any CPU.Build.0 = Debug|Any CPU
		{CFED53F7-BB3E-4B19-B7D0-7C93B905F4AF}.Release|Any CPU.ActiveCfg = Release|Any CPU
		{CFED53F7-BB3E-4B19-B7D0-7C93B905F4AF}.Release|Any CPU.Build.0 = Release|Any CPU
	EndGlobalSection
	GlobalSection(SolutionProperties) = preSolution
		HideSolutionNode = FALSE
	EndGlobalSection
	GlobalSection(ExtensibilityGlobals) = postSolution
		SolutionGuid = {5270AD39-9936-449D-B09B-75C307491D24}
	EndGlobalSection
EndGlobal
