
Microsoft Visual Studio Solution File, Format Version 12.00
# Visual Studio Version 17
VisualStudioVersion = 17.0.32014.148
MinimumVisualStudioVersion = 10.0.40219.1
Project("{FAE04EC0-301F-11D3-BF4B-00C04F79EFBC}") = "VolumeOfCyclinder", "VolumeOfCyclinder\VolumeOfCyclinder.csproj", "{500EE062-89B5-4DC3-8EB8-10AF7DEC77E7}"
EndProject
Project("{FAE04EC0-301F-11D3-BF4B-00C04F79EFBC}") = "FeetToMeters", "FeetToMeters\FeetToMeters.csproj", "{E5FF0756-5FE7-4C98-AE76-585A9213B812}"
EndProject
Project("{FAE04EC0-301F-11D3-BF4B-00C04F79EFBC}") = "TipCalculator", "TipCalculator\TipCalculator.csproj", "{0E28B743-2C63-4E0B-A7D0-4A02BE7055E5}"
EndProject
Global
	GlobalSection(SolutionConfigurationPlatforms) = preSolution
		Debug|Any CPU = Debug|Any CPU
		Release|Any CPU = Release|Any CPU
	EndGlobalSection
	GlobalSection(ProjectConfigurationPlatforms) = postSolution
		{500EE062-89B5-4DC3-8EB8-10AF7DEC77E7}.Debug|Any CPU.ActiveCfg = Debug|Any CPU
		{500EE062-89B5-4DC3-8EB8-10AF7DEC77E7}.Debug|Any CPU.Build.0 = Debug|Any CPU
		{500EE062-89B5-4DC3-8EB8-10AF7DEC77E7}.Release|Any CPU.ActiveCfg = Release|Any CPU
		{500EE062-89B5-4DC3-8EB8-10AF7DEC77E7}.Release|Any CPU.Build.0 = Release|Any CPU
		{E5FF0756-5FE7-4C98-AE76-585A9213B812}.Debug|Any CPU.ActiveCfg = Debug|Any CPU
		{E5FF0756-5FE7-4C98-AE76-585A9213B812}.Debug|Any CPU.Build.0 = Debug|Any CPU
		{E5FF0756-5FE7-4C98-AE76-585A9213B812}.Release|Any CPU.ActiveCfg = Release|Any CPU
		{E5FF0756-5FE7-4C98-AE76-585A9213B812}.Release|Any CPU.Build.0 = Release|Any CPU
		{0E28B743-2C63-4E0B-A7D0-4A02BE7055E5}.Debug|Any CPU.ActiveCfg = Debug|Any CPU
		{0E28B743-2C63-4E0B-A7D0-4A02BE7055E5}.Debug|Any CPU.Build.0 = Debug|Any CPU
		{0E28B743-2C63-4E0B-A7D0-4A02BE7055E5}.Release|Any CPU.ActiveCfg = Release|Any CPU
		{0E28B743-2C63-4E0B-A7D0-4A02BE7055E5}.Release|Any CPU.Build.0 = Release|Any CPU
	EndGlobalSection
	GlobalSection(SolutionProperties) = preSolution
		HideSolutionNode = FALSE
	EndGlobalSection
	GlobalSection(ExtensibilityGlobals) = postSolution
		SolutionGuid = {73CE30B0-CDA4-42F6-9F3B-C437291DF0AE}
	EndGlobalSection
EndGlobal
